Microsoft Visual Studio Solution File, Format Version 12.00
# Visual Studio Version 17
VisualStudioVersion = 17.5.2.0
MinimumVisualStudioVersion = 10.0.40219.1
Project("{FAE04EC0-301F-11D3-BF4B-00C04F79EFBC}") = "WebKeep", "WebKeepApp\WebKeepApp.csproj", "{90379CE8-4F73-3D60-33CC-F381130F3BC8}"
EndProject
Global
	GlobalSection(SolutionConfigurationPlatforms) = preSolution
		Debug|Any CPU = Debug|Any CPU
		Release|Any CPU = Release|Any CPU
	EndGlobalSection
	GlobalSection(ProjectConfigurationPlatforms) = postSolution
		{90379CE8-4F73-3D60-33CC-F381130F3BC8}.Debug|Any CPU.ActiveCfg = Debug|Any CPU
		{90379CE8-4F73-3D60-33CC-F381130F3BC8}.Debug|Any CPU.Build.0 = Debug|Any CPU
		{90379CE8-4F73-3D60-33CC-F381130F3BC8}.Release|Any CPU.ActiveCfg = Release|Any CPU
		{90379CE8-4F73-3D60-33CC-F381130F3BC8}.Release|Any CPU.Build.0 = Release|Any CPU
	EndGlobalSection
	GlobalSection(SolutionProperties) = preSolution
		HideSolutionNode = FALSE
	EndGlobalSection
	GlobalSection(ExtensibilityGlobals) = postSolution
		SolutionGuid = {106F35D6-1489-4109-A6E9-E88EE53C8E4E}
	EndGlobalSection
EndGlobal
